
Microsoft Visual Studio Solution File, Format Version 12.00
# Visual Studio Version 16
VisualStudioVersion = 16.0.32228.343
MinimumVisualStudioVersion = 10.0.40219.1
Project("{FAE04EC0-301F-11D3-BF4B-00C04F79EFBC}") = "StringMetotlar", "StringMetotlar\StringMetotlar.csproj", "{A376C94F-23C2-49E9-8BE7-8C673054D5B1}"
EndProject
Global
	GlobalSection(SolutionConfigurationPlatforms) = preSolution
		Debug|Any CPU = Debug|Any CPU
		Release|Any CPU = Release|Any CPU
	EndGlobalSection
	GlobalSection(ProjectConfigurationPlatforms) = postSolution
		{A376C94F-23C2-49E9-8BE7-8C673054D5B1}.Debug|Any CPU.ActiveCfg = Debug|Any CPU
		{A376C94F-23C2-49E9-8BE7-8C673054D5B1}.Debug|Any CPU.Build.0 = Debug|Any CPU
		{A376C94F-23C2-49E9-8BE7-8C673054D5B1}.Release|Any CPU.ActiveCfg = Release|Any CPU
		{A376C94F-23C2-49E9-8BE7-8C673054D5B1}.Release|Any CPU.Build.0 = Release|Any CPU
	EndGlobalSection
	GlobalSection(SolutionProperties) = preSolution
		HideSolutionNode = FALSE
	EndGlobalSection
	GlobalSection(ExtensibilityGlobals) = postSolution
		SolutionGuid = {EDF74E63-B987-4696-AB9D-A4DF1D12BD66}
	EndGlobalSection
EndGlobal
